{
  "version": "5",
  "remote": {
    "https://deno.land/std@0.168.0/fmt/colors.ts": "03ad95e543d2808bc43c17a3dd29d25b43d0f16287fe562a0be89bf632454a12",
    "https://deno.land/std@0.168.0/testing/_diff.ts": "a23e7fc2b4d8daa3e158fa06856bedf5334ce2a2831e8bf9e509717f455adb2c",
    "https://deno.land/std@0.168.0/testing/_format.ts": "cd11136e1797791045e639e9f0f4640d5b4166148796cad37e6ef75f7d7f3832",
    "https://deno.land/std@0.168.0/testing/asserts.ts": "51353e79437361d4b02d8e32f3fc83b22231bc8f8d4c841d86fd32b0b0afe940"
  },
  "workspace": {
    "packageJson": {
      "dependencies": [
        "npm:@eslint/js@^9.32.0",
        "npm:@radix-ui/react-dialog@^1.1.14",
        "npm:@radix-ui/react-label@^2.1.7",
        "npm:@radix-ui/react-select@^2.2.5",
        "npm:@radix-ui/react-slot@^1.2.3",
        "npm:@radix-ui/react-tabs@^1.1.12",
        "npm:@radix-ui/react-toast@^1.2.14",
        "npm:@radix-ui/react-tooltip@^1.2.7",
        "npm:@supabase/supabase-js@^2.89.0",
        "npm:@types/node@^22.16.5",
        "npm:@types/react-dom@^18.3.7",
        "npm:@types/react@^18.3.23",
        "npm:@vitejs/plugin-react-swc@^3.11.0",
        "npm:autoprefixer@^10.4.21",
        "npm:class-variance-authority@~0.7.1",
        "npm:clsx@^2.1.1",
        "npm:concurrently@^10.0.3",
        "npm:eslint-plugin-react-hooks@^5.2.0",
        "npm:eslint-plugin-react-refresh@~0.4.20",
        "npm:eslint@^9.32.0",
        "npm:globals@^15.15.0",
        "npm:kill-port@^2.0.1",
        "npm:lovable-tagger@^1.1.13",
        "npm:lucide-react@0.462",
        "npm:pg@^8.22.0",
        "npm:postcss@^8.5.6",
        "npm:react-dom@^18.3.1",
        "npm:react-router-dom@^6.30.1",
        "npm:react@^18.3.1",
        "npm:sonner@^1.7.4",
        "npm:tailwind-merge@^2.6.0",
        "npm:tailwindcss-animate@^1.0.7",
        "npm:tailwindcss@^3.4.17",
        "npm:typescript-eslint@^8.38.0",
        "npm:typescript@^5.8.3",
        "npm:vite@^5.4.19",
        "npm:xlsx@~0.18.5",
        "npm:zod@^3.25.76"
      ]
    }
  }
}
